// !$*UTF8*$!
{
	archiveVersion = 1;
	classes = {
	};
	objectVersion = 50;
	objects = {

/* Begin PBXBuildFile section */
		D07AD14B21A3052F002240B8 /* AppDelegate.swift in Sources */ = {isa = PBXBuildFile; fileRef = D07AD14A21A3052F002240B8 /* AppDelegate.swift */; };
		D07AD14D21A3052F002240B8 /* StartViewController.swift in Sources */ = {isa = PBXBuildFile; fileRef = D07AD14C21A3052F002240B8 /* StartViewController.swift */; };
		D07AD15021A3052F002240B8 /* Main.storyboard in Resources */ = {isa = PBXBuildFile; fileRef = D07AD14E21A3052F002240B8 /* Main.storyboard */; };
		D07AD15221A30531002240B8 /* Assets.xcassets in Resources */ = {isa = PBXBuildFile; fileRef = D07AD15121A30531002240B8 /* Assets.xcassets */; };
		D07AD15521A30531002240B8 /* LaunchScreen.storyboard in Resources */ = {isa = PBXBuildFile; fileRef = D07AD15321A30531002240B8 /* LaunchScreen.storyboard */; };
		D07AD16821A307CD002240B8 /* IntroScreen.framework in Frameworks */ = {isa = PBXBuildFile; fileRef = D07AD16221A30637002240B8 /* IntroScreen.framework */; };
		D07AD16A21A307E5002240B8 /* IntroScreen.framework in Embed Frameworks */ = {isa = PBXBuildFile; fileRef = D07AD16221A30637002240B8 /* IntroScreen.framework */; settings = {ATTRIBUTES = (CodeSignOnCopy, RemoveHeadersOnCopy, ); }; };
/* End PBXBuildFile section */

/* Begin PBXContainerItemProxy section */
		D07AD16121A30637002240B8 /* PBXContainerItemProxy */ = {
			isa = PBXContainerItemProxy;
			containerPortal = D07AD15D21A30637002240B8 /* IntroScreen.xcodeproj */;
			proxyType = 2;
			remoteGlobalIDString = D07AD12921A2F7AB002240B8;
			remoteInfo = IntroScreen;
		};
		D07AD16B21A307E5002240B8 /* PBXContainerItemProxy */ = {
			isa = PBXContainerItemProxy;
			containerPortal = D07AD15D21A30637002240B8 /* IntroScreen.xcodeproj */;
			proxyType = 1;
			remoteGlobalIDString = D07AD12821A2F7AB002240B8;
			remoteInfo = IntroScreen;
		};
/* End PBXContainerItemProxy section */

/* Begin PBXCopyFilesBuildPhase section */
		D07AD16D21A307E5002240B8 /* Embed Frameworks */ = {
			isa = PBXCopyFilesBuildPhase;
			buildActionMask = 2147483647;
			dstPath = "";
			dstSubfolderSpec = 10;
			files = (
				D07AD16A21A307E5002240B8 /* IntroScreen.framework in Embed Frameworks */,
			);
			name = "Embed Frameworks";
			runOnlyForDeploymentPostprocessing = 0;
		};
/* End PBXCopyFilesBuildPhase section */

/* Begin PBXFileReference section */
		D07AD14721A3052F002240B8 /* IntroExample.app */ = {isa = PBXFileReference; explicitFileType = wrapper.application; includeInIndex = 0; path = IntroExample.app; sourceTree = BUILT_PRODUCTS_DIR; };
		D07AD14A21A3052F002240B8 /* AppDelegate.swift */ = {isa = PBXFileReference; lastKnownFileType = sourcecode.swift; path = AppDelegate.swift; sourceTree = "<group>"; };
		D07AD14C21A3052F002240B8 /* StartViewController.swift */ = {isa = PBXFileReference; lastKnownFileType = sourcecode.swift; path = StartViewController.swift; sourceTree = "<group>"; };
		D07AD14F21A3052F002240B8 /* Base */ = {isa = PBXFileReference; lastKnownFileType = file.storyboard; name = Base; path = Base.lproj/Main.storyboard; sourceTree = "<group>"; };
		D07AD15121A30531002240B8 /* Assets.xcassets */ = {isa = PBXFileReference; lastKnownFileType = folder.assetcatalog; path = Assets.xcassets; sourceTree = "<group>"; };
		D07AD15421A30531002240B8 /* Base */ = {isa = PBXFileReference; lastKnownFileType = file.storyboard; name = Base; path = Base.lproj/LaunchScreen.storyboard; sourceTree = "<group>"; };
		D07AD15621A30531002240B8 /* Info.plist */ = {isa = PBXFileReference; lastKnownFileType = text.plist.xml; path = Info.plist; sourceTree = "<group>"; };
		D07AD15D21A30637002240B8 /* IntroScreen.xcodeproj */ = {isa = PBXFileReference; lastKnownFileType = "wrapper.pb-project"; name = IntroScreen.xcodeproj; path = ../IntroScreen/IntroScreen.xcodeproj; sourceTree = "<group>"; };
/* End PBXFileReference section */

/* Begin PBXFrameworksBuildPhase section */
		D07AD14421A3052F002240B8 /* Frameworks */ = {
			isa = PBXFrameworksBuildPhase;
			buildActionMask = 2147483647;
			files = (
				D07AD16821A307CD002240B8 /* IntroScreen.framework in Frameworks */,
			);
			runOnlyForDeploymentPostprocessing = 0;
		};
/* End PBXFrameworksBuildPhase section */

/* Begin PBXGroup section */
		D07AD13E21A3052F002240B8 = {
			isa = PBXGroup;
			children = (
				D07AD14921A3052F002240B8 /* IntroExample */,
				D07AD14821A3052F002240B8 /* Products */,
				D07AD15C21A30637002240B8 /* Frameworks */,
			);
			sourceTree = "<group>";
		};
		D07AD14821A3052F002240B8 /* Products */ = {
			isa = PBXGroup;
			children = (
				D07AD14721A3052F002240B8 /* IntroExample.app */,
			);
			name = Products;
			sourceTree = "<group>";
		};
		D07AD14921A3052F002240B8 /* IntroExample */ = {
			isa = PBXGroup;
			children = (
				D07AD16721A3077C002240B8 /* viewControllers */,
				D07AD14A21A3052F002240B8 /* AppDelegate.swift */,
				D07AD14E21A3052F002240B8 /* Main.storyboard */,
				D07AD15121A30531002240B8 /* Assets.xcassets */,
				D07AD15321A30531002240B8 /* LaunchScreen.storyboard */,
				D07AD15621A30531002240B8 /* Info.plist */,
			);
			path = IntroExample;
			sourceTree = "<group>";
		};
		D07AD15C21A30637002240B8 /* Frameworks */ = {
			isa = PBXGroup;
			children = (
				D07AD15D21A30637002240B8 /* IntroScreen.xcodeproj */,
			);
			name = Frameworks;
			sourceTree = "<group>";
		};
		D07AD15E21A30637002240B8 /* Products */ = {
			isa = PBXGroup;
			children = (
				D07AD16221A30637002240B8 /* IntroScreen.framework */,
			);
			name = Products;
			sourceTree = "<group>";
		};
		D07AD16721A3077C002240B8 /* viewControllers */ = {
			isa = PBXGroup;
			children = (
				D07AD14C21A3052F002240B8 /* StartViewController.swift */,
			);
			path = viewControllers;
			sourceTree = "<group>";
		};
/* End PBXGroup section */

/* Begin PBXNativeTarget section */
		D07AD14621A3052F002240B8 /* IntroExample */ = {
			isa = PBXNativeTarget;
			buildConfigurationList = D07AD15921A30531002240B8 /* Build configuration list for PBXNativeTarget "IntroExample" */;
			buildPhases = (
				D07AD14321A3052F002240B8 /* Sources */,
				D07AD14421A3052F002240B8 /* Frameworks */,
				D07AD14521A3052F002240B8 /* Resources */,
				D07AD16D21A307E5002240B8 /* Embed Frameworks */,
			);
			buildRules = (
			);
			dependencies = (
				D07AD16C21A307E5002240B8 /* PBXTargetDependency */,
			);
			name = IntroExample;
			productName = IntroExample;
			productReference = D07AD14721A3052F002240B8 /* IntroExample.app */;
			productType = "com.apple.product-type.application";
		};
/* End PBXNativeTarget section */

/* Begin PBXProject section */
		D07AD13F21A3052F002240B8 /* Project object */ = {
			isa = PBXProject;
			attributes = {
				LastSwiftUpdateCheck = 1010;
				LastUpgradeCheck = 1010;
				ORGANIZATIONNAME = "Norman Laudien";
				TargetAttributes = {
					D07AD14621A3052F002240B8 = {
						CreatedOnToolsVersion = 10.1;
					};
				};
			};
			buildConfigurationList = D07AD14221A3052F002240B8 /* Build configuration list for PBXProject "IntroExample" */;
			compatibilityVersion = "Xcode 9.3";
			developmentRegion = en;
			hasScannedForEncodings = 0;
			knownRegions = (
				en,
				Base,
			);
			mainGroup = D07AD13E21A3052F002240B8;
			productRefGroup = D07AD14821A3052F002240B8 /* Products */;
			projectDirPath = "";
			projectReferences = (
				{
					ProductGroup = D07AD15E21A30637002240B8 /* Products */;
					ProjectRef = D07AD15D21A30637002240B8 /* IntroScreen.xcodeproj */;
				},
			);
			projectRoot = "";
			targets = (
				D07AD14621A3052F002240B8 /* IntroExample */,
			);
		};
/* End PBXProject section */

/* Begin PBXReferenceProxy section */
		D07AD16221A30637002240B8 /* IntroScreen.framework */ = {
			isa = PBXReferenceProxy;
			fileType = wrapper.framework;
			path = IntroScreen.framework;
			remoteRef = D07AD16121A30637002240B8 /* PBXContainerItemProxy */;
			sourceTree = BUILT_PRODUCTS_DIR;
		};
/* End PBXReferenceProxy section */

/* Begin PBXResourcesBuildPhase section */
		D07AD14521A3052F002240B8 /* Resources */ = {
			isa = PBXResourcesBuildPhase;
			buildActionMask = 2147483647;
			files = (
				D07AD15521A30531002240B8 /* LaunchScreen.storyboard in Resources */,
				D07AD15221A30531002240B8 /* Assets.xcassets in Resources */,
				D07AD15021A3052F002240B8 /* Main.storyboard in Resources */,
			);
			runOnlyForDeploymentPostprocessing = 0;
		};
/* End PBXResourcesBuildPhase section */

/* Begin PBXSourcesBuildPhase section */
		D07AD14321A3052F002240B8 /* Sources */ = {
			isa = PBXSourcesBuildPhase;
			buildActionMask = 2147483647;
			files = (
				D07AD14D21A3052F002240B8 /* StartViewController.swift in Sources */,
				D07AD14B21A3052F002240B8 /* AppDelegate.swift in Sources */,
			);
			runOnlyForDeploymentPostprocessing = 0;
		};
/* End PBXSourcesBuildPhase section */

/* Begin PBXTargetDependency section */
		D07AD16C21A307E5002240B8 /* PBXTargetDependency */ = {
			isa = PBXTargetDependency;
			name = IntroScreen;
			targetProxy = D07AD16B21A307E5002240B8 /* PBXContainerItemProxy */;
		};
/* End PBXTargetDependency section */

/* Begin PBXVariantGroup section */
		D07AD14E21A3052F002240B8 /* Main.storyboard */ = {
			isa = PBXVariantGroup;
			children = (
				D07AD14F21A3052F002240B8 /* Base */,
			);
			name = Main.storyboard;
			sourceTree = "<group>";
		};
		D07AD15321A30531002240B8 /* LaunchScreen.storyboard */ = {
			isa = PBXVariantGroup;
			children = (
				D07AD15421A30531002240B8 /* Base */,
			);
			name = LaunchScreen.storyboard;
			sourceTree = "<group>";
		};
/* End PBXVariantGroup section */

/* Begin XCBuildConfiguration section */
		D07AD15721A30531002240B8 /* Debug */ = {
			isa = XCBuildConfiguration;
			buildSettings = {
				ALWAYS_SEARCH_USER_PATHS = NO;
				CLANG_ANALYZER_NONNULL = YES;
				CLANG_ANALYZER_NUMBER_OBJECT_CONVERSION = YES_AGGRESSIVE;
				CLANG_CXX_LANGUAGE_STANDARD = "gnu++14";
				CLANG_CXX_LIBRARY = "libc++";
				CLANG_ENABLE_MODULES = YES;
				CLANG_ENABLE_OBJC_ARC = YES;
				CLANG_ENABLE_OBJC_WEAK = YES;
				CLANG_WARN_BLOCK_CAPTURE_AUTORELEASING = YES;
				CLANG_WARN_BOOL_CONVERSION = YES;
				CLANG_WARN_COMMA = YES;
				CLANG_WARN_CONSTANT_CONVERSION = YES;
				CLANG_WARN_DEPRECATED_OBJC_IMPLEMENTATIONS = YES;
				CLANG_WARN_DIRECT_OBJC_ISA_USAGE = YES_ERROR;
				CLANG_WARN_DOCUMENTATION_COMMENTS = YES;
				CLANG_WARN_EMPTY_BODY = YES;
				CLANG_WARN_ENUM_CONVERSION = YES;
				CLANG_WARN_INFINITE_RECURSION = YES;
				CLANG_WARN_INT_CONVERSION = YES;
				CLANG_WARN_NON_LITERAL_NULL_CONVERSION = YES;
				CLANG_WARN_OBJC_IMPLICIT_RETAIN_SELF = YES;
				CLANG_WARN_OBJC_LITERAL_CONVERSION = YES;
				CLANG_WARN_OBJC_ROOT_CLASS = YES_ERROR;
				CLANG_WARN_RANGE_LOOP_ANALYSIS = YES;
				CLANG_WARN_STRICT_PROTOTYPES = YES;
				CLANG_WARN_SUSPICIOUS_MOVE = YES;
				CLANG_WARN_UNGUARDED_AVAILABILITY = YES_AGGRESSIVE;
				CLANG_WARN_UNREACHABLE_CODE = YES;
				CLANG_WARN__DUPLICATE_METHOD_MATCH = YES;
				CODE_SIGN_IDENTITY = "iPhone Developer";
				COPY_PHASE_STRIP = NO;
				DEBUG_INFORMATION_FORMAT = dwarf;
				ENABLE_STRICT_OBJC_MSGSEND = YES;
				ENABLE_TESTABILITY = YES;
				GCC_C_LANGUAGE_STANDARD = gnu11;
				GCC_DYNAMIC_NO_PIC = NO;
				GCC_NO_COMMON_BLOCKS = YES;
				GCC_OPTIMIZATION_LEVEL = 0;
				GCC_PREPROCESSOR_DEFINITIONS = (
					"DEBUG=1",
					"$(inherited)",
				);
				GCC_WARN_64_TO_32_BIT_CONVERSION = YES;
				GCC_WARN_ABOUT_RETURN_TYPE = YES_ERROR;
				GCC_WARN_UNDECLARED_SELECTOR = YES;
				GCC_WARN_UNINITIALIZED_AUTOS = YES_AGGRESSIVE;
				GCC_WARN_UNUSED_FUNCTION = YES;
				GCC_WARN_UNUSED_VARIABLE = YES;
				IPHONEOS_DEPLOYMENT_TARGET = 12.1;
				MTL_ENABLE_DEBUG_INFO = INCLUDE_SOURCE;
				MTL_FAST_MATH = YES;
				ONLY_ACTIVE_ARCH = YES;
				SDKROOT = iphoneos;
				SWIFT_ACTIVE_COMPILATION_CONDITIONS = DEBUG;
				SWIFT_OPTIMIZATION_LEVEL = "-Onone";
			};
			name = Debug;
		};
		D07AD15821A30531002240B8 /* Release */ = {
			isa = XCBuildConfiguration;
			buildSettings = {
				ALWAYS_SEARCH_USER_PATHS = NO;
				CLANG_ANALYZER_NONNULL = YES;
				CLANG_ANALYZER_NUMBER_OBJECT_CONVERSION = YES_AGGRESSIVE;
				CLANG_CXX_LANGUAGE_STANDARD = "gnu++14";
				CLANG_CXX_LIBRARY = "libc++";
				CLANG_ENABLE_MODULES = YES;
				CLANG_ENABLE_OBJC_ARC = YES;
				CLANG_ENABLE_OBJC_WEAK = YES;
				CLANG_WARN_BLOCK_CAPTURE_AUTORELEASING = YES;
				CLANG_WARN_BOOL_CONVERSION = YES;
				CLANG_WARN_COMMA = YES;
				CLANG_WARN_CONSTANT_CONVERSION = YES;
				CLANG_WARN_DEPRECATED_OBJC_IMPLEMENTATIONS = YES;
				CLANG_WARN_DIRECT_OBJC_ISA_USAGE = YES_ERROR;
				CLANG_WARN_DOCUMENTATION_COMMENTS = YES;
				CLANG_WARN_EMPTY_BODY = YES;
				CLANG_WARN_ENUM_CONVERSION = YES;
				CLANG_WARN_INFINITE_RECURSION = YES;
				CLANG_WARN_INT_CONVERSION = YES;
				CLANG_WARN_NON_LITERAL_NULL_CONVERSION = YES;
				CLANG_WARN_OBJC_IMPLICIT_RETAIN_SELF = YES;
				CLANG_WARN_OBJC_LITERAL_CONVERSION = YES;
				CLANG_WARN_OBJC_ROOT_CLASS = YES_ERROR;
				CLANG_WARN_RANGE_LOOP_ANALYSIS = YES;
				CLANG_WARN_STRICT_PROTOTYPES = YES;
				CLANG_WARN_SUSPICIOUS_MOVE = YES;
				CLANG_WARN_UNGUARDED_AVAILABILITY = YES_AGGRESSIVE;
				CLANG_WARN_UNREACHABLE_CODE = YES;
				CLANG_WARN__DUPLICATE_METHOD_MATCH = YES;
				CODE_SIGN_IDENTITY = "iPhone Developer";
				COPY_PHASE_STRIP = NO;
				DEBUG_INFORMATION_FORMAT = "dwarf-with-dsym";
				ENABLE_NS_ASSERTIONS = NO;
				ENABLE_STRICT_OBJC_MSGSEND = YES;
				GCC_C_LANGUAGE_STANDARD = gnu11;
				GCC_NO_COMMON_BLOCKS = YES;
				GCC_WARN_64_TO_32_BIT_CONVERSION = YES;
				GCC_WARN_ABOUT_RETURN_TYPE = YES_ERROR;
				GCC_WARN_UNDECLARED_SELECTOR = YES;
				GCC_WARN_UNINITIALIZED_AUTOS = YES_AGGRESSIVE;
				GCC_WARN_UNUSED_FUNCTION = YES;
				GCC_WARN_UNUSED_VARIABLE = YES;
				IPHONEOS_DEPLOYMENT_TARGET = 12.1;
				MTL_ENABLE_DEBUG_INFO = NO;
				MTL_FAST_MATH = YES;
				SDKROOT = iphoneos;
				SWIFT_COMPILATION_MODE = wholemodule;
				SWIFT_OPTIMIZATION_LEVEL = "-O";
				VALIDATE_PRODUCT = YES;
			};
			name = Release;
		};
		D07AD15A21A30531002240B8 /* Debug */ = {
			isa = XCBuildConfiguration;
			buildSettings = {
				ALWAYS_EMBED_SWIFT_STANDARD_LIBRARIES = YES;
				ASSETCATALOG_COMPILER_APPICON_NAME = AppIcon;
				CODE_SIGN_STYLE = Automatic;
				DEVELOPMENT_TEAM = 6J6V466332;
				INFOPLIST_FILE = IntroExample/Info.plist;
				LD_RUNPATH_SEARCH_PATHS = (
					"$(inherited)",
					"@executable_path/Frameworks",
				);
				PRODUCT_BUNDLE_IDENTIFIER = com.laudien.IntroExample;
				PRODUCT_NAME = "$(TARGET_NAME)";
				SWIFT_VERSION = 4.2;
				TARGETED_DEVICE_FAMILY = "1,2";
			};
			name = Debug;
		};
		D07AD15B21A30531002240B8 /* Release */ = {
			isa = XCBuildConfiguration;
			buildSettings = {
				ALWAYS_EMBED_SWIFT_STANDARD_LIBRARIES = YES;
				ASSETCATALOG_COMPILER_APPICON_NAME = AppIcon;
				CODE_SIGN_STYLE = Automatic;
				DEVELOPMENT_TEAM = 6J6V466332;
				INFOPLIST_FILE = IntroExample/Info.plist;
				LD_RUNPATH_SEARCH_PATHS = (
					"$(inherited)",
					"@executable_path/Frameworks",
				);
				PRODUCT_BUNDLE_IDENTIFIER = com.laudien.IntroExample;
				PRODUCT_NAME = "$(TARGET_NAME)";
				SWIFT_VERSION = 4.2;
				TARGETED_DEVICE_FAMILY = "1,2";
			};
			name = Release;
		};
/* End XCBuildConfiguration section */

/* Begin XCConfigurationList section */
		D07AD14221A3052F002240B8 /* Build configuration list for PBXProject "IntroExample" */ = {
			isa = XCConfigurationList;
			buildConfigurations = (
				D07AD15721A30531002240B8 /* Debug */,
				D07AD15821A30531002240B8 /* Release */,
			);
			defaultConfigurationIsVisible = 0;
			defaultConfigurationName = Release;
		};
		D07AD15921A30531002240B8 /* Build configuration list for PBXNativeTarget "IntroExample" */ = {
			isa = XCConfigurationList;
			buildConfigurations = (
				D07AD15A21A30531002240B8 /* Debug */,
				D07AD15B21A30531002240B8 /* Release */,
			);
			defaultConfigurationIsVisible = 0;
			defaultConfigurationName = Release;
		};
/* End XCConfigurationList section */
	};
	rootObject = D07AD13F21A3052F002240B8 /* Project object */;
}
